
Microsoft Visual Studio Solution File, Format Version 12.00
# Visual Studio 15
VisualStudioVersion = 15.0.26430.16
MinimumVisualStudioVersion = 10.0.40219.1
Project("{FAE04EC0-301F-11D3-BF4B-00C04F79EFBC}") = "DataStructures", "DataStructures\DataStructures.csproj", "{E9FA1008-8BA3-432E-A00F-0E216B1F8242}"
EndProject
Project("{FAE04EC0-301F-11D3-BF4B-00C04F79EFBC}") = "DataStructures.Test", "DataStructures.Test\DataStructures.Test.csproj", "{9BCD99FD-92AE-4659-BFE6-AFF311B904D4}"
EndProject
Project("{FAE04EC0-301F-11D3-BF4B-00C04F79EFBC}") = "Algorithems", "Algorithems\Algorithems.csproj", "{F2DA580B-00BA-4250-893A-A3A6E36F60EB}"
EndProject
Project("{FAE04EC0-301F-11D3-BF4B-00C04F79EFBC}") = "Algorithems.Test", "Algorithems.Test\Algorithems.Test.csproj", "{259F7A43-567E-40A7-B50F-6206574C1DB0}"
EndProject
Global
	GlobalSection(SolutionConfigurationPlatforms) = preSolution
		Debug|Any CPU = Debug|Any CPU
		Release|Any CPU = Release|Any CPU
	EndGlobalSection
	GlobalSection(ProjectConfigurationPlatforms) = postSolution
		{E9FA1008-8BA3-432E-A00F-0E216B1F8242}.Debug|Any CPU.ActiveCfg = Debug|Any CPU
		{E9FA1008-8BA3-432E-A00F-0E216B1F8242}.Debug|Any CPU.Build.0 = Debug|Any CPU
		{E9FA1008-8BA3-432E-A00F-0E216B1F8242}.Release|Any CPU.ActiveCfg = Release|Any CPU
		{E9FA1008-8BA3-432E-A00F-0E216B1F8242}.Release|Any CPU.Build.0 = Release|Any CPU
		{9BCD99FD-92AE-4659-BFE6-AFF311B904D4}.Debug|Any CPU.ActiveCfg = Debug|Any CPU
		{9BCD99FD-92AE-4659-BFE6-AFF311B904D4}.Debug|Any CPU.Build.0 = Debug|Any CPU
		{9BCD99FD-92AE-4659-BFE6-AFF311B904D4}.Release|Any CPU.ActiveCfg = Release|Any CPU
		{9BCD99FD-92AE-4659-BFE6-AFF311B904D4}.Release|Any CPU.Build.0 = Release|Any CPU
		{F2DA580B-00BA-4250-893A-A3A6E36F60EB}.Debug|Any CPU.ActiveCfg = Debug|Any CPU
		{F2DA580B-00BA-4250-893A-A3A6E36F60EB}.Debug|Any CPU.Build.0 = Debug|Any CPU
		{F2DA580B-00BA-4250-893A-A3A6E36F60EB}.Release|Any CPU.ActiveCfg = Release|Any CPU
		{F2DA580B-00BA-4250-893A-A3A6E36F60EB}.Release|Any CPU.Build.0 = Release|Any CPU
		{259F7A43-567E-40A7-B50F-6206574C1DB0}.Debug|Any CPU.ActiveCfg = Debug|Any CPU
		{259F7A43-567E-40A7-B50F-6206574C1DB0}.Debug|Any CPU.Build.0 = Debug|Any CPU
		{259F7A43-567E-40A7-B50F-6206574C1DB0}.Release|Any CPU.ActiveCfg = Release|Any CPU
		{259F7A43-567E-40A7-B50F-6206574C1DB0}.Release|Any CPU.Build.0 = Release|Any CPU
	EndGlobalSection
	GlobalSection(SolutionProperties) = preSolution
		HideSolutionNode = FALSE
	EndGlobalSection
EndGlobal
